
Microsoft Visual Studio Solution File, Format Version 12.00
# Visual Studio Version 17
VisualStudioVersion = 17.12.35527.113
MinimumVisualStudioVersion = 10.0.40219.1
Project("{FAE04EC0-301F-11D3-BF4B-00C04F79EFBC}") = "FundsInvestorsApi", "FundsInvestorsApi\FundsInvestorsApi.csproj", "{AE3DDFAE-879A-41EC-BB03-0BED65854F9E}"
EndProject
Project("{FAE04EC0-301F-11D3-BF4B-00C04F79EFBC}") = "FundsInvestorsApi.Tests", "FundsInvestorsApi.Tests\FundsInvestorsApi.Tests.csproj", "{D09A60F1-6636-4F1F-89E1-4BBCADEF1EF2}"
EndProject
Global
	GlobalSection(SolutionConfigurationPlatforms) = preSolution
		Debug|Any CPU = Debug|Any CPU
		Release|Any CPU = Release|Any CPU
	EndGlobalSection
	GlobalSection(ProjectConfigurationPlatforms) = postSolution
		{AE3DDFAE-879A-41EC-BB03-0BED65854F9E}.Debug|Any CPU.ActiveCfg = Debug|Any CPU
		{AE3DDFAE-879A-41EC-BB03-0BED65854F9E}.Debug|Any CPU.Build.0 = Debug|Any CPU
		{AE3DDFAE-879A-41EC-BB03-0BED65854F9E}.Release|Any CPU.ActiveCfg = Release|Any CPU
		{AE3DDFAE-879A-41EC-BB03-0BED65854F9E}.Release|Any CPU.Build.0 = Release|Any CPU
		{D09A60F1-6636-4F1F-89E1-4BBCADEF1EF2}.Debug|Any CPU.ActiveCfg = Debug|Any CPU
		{D09A60F1-6636-4F1F-89E1-4BBCADEF1EF2}.Debug|Any CPU.Build.0 = Debug|Any CPU
		{D09A60F1-6636-4F1F-89E1-4BBCADEF1EF2}.Release|Any CPU.ActiveCfg = Release|Any CPU
		{D09A60F1-6636-4F1F-89E1-4BBCADEF1EF2}.Release|Any CPU.Build.0 = Release|Any CPU
	EndGlobalSection
	GlobalSection(SolutionProperties) = preSolution
		HideSolutionNode = FALSE
	EndGlobalSection
	GlobalSection(ExtensibilityGlobals) = postSolution
		SolutionGuid = {3315F883-38C2-4B40-BFD2-FDB8D2D338A3}
	EndGlobalSection
EndGlobal
